
Microsoft Visual Studio Solution File, Format Version 12.00
# Visual Studio Version 16
VisualStudioVersion = 16.0.29418.71
MinimumVisualStudioVersion = 10.0.40219.1
Project("{9A19103F-16F7-4668-BE54-9A1E7A4F7556}") = "Advent Of Code", "Advent Of Code\Advent Of Code.csproj", "{573F3BDB-7251-4950-8E57-CEA52232D251}"
EndProject
Global
	GlobalSection(SolutionConfigurationPlatforms) = preSolution
		Debug|Any CPU = Debug|Any CPU
		Release|Any CPU = Release|Any CPU
	EndGlobalSection
	GlobalSection(ProjectConfigurationPlatforms) = postSolution
		{573F3BDB-7251-4950-8E57-CEA52232D251}.Debug|Any CPU.ActiveCfg = Debug|Any CPU
		{573F3BDB-7251-4950-8E57-CEA52232D251}.Debug|Any CPU.Build.0 = Debug|Any CPU
		{573F3BDB-7251-4950-8E57-CEA52232D251}.Release|Any CPU.ActiveCfg = Release|Any CPU
		{573F3BDB-7251-4950-8E57-CEA52232D251}.Release|Any CPU.Build.0 = Release|Any CPU
	EndGlobalSection
	GlobalSection(SolutionProperties) = preSolution
		HideSolutionNode = FALSE
	EndGlobalSection
	GlobalSection(ExtensibilityGlobals) = postSolution
		SolutionGuid = {A2A12ABD-19AF-4484-B31A-E9AC2422B31F}
	EndGlobalSection
EndGlobal
