
Microsoft Visual Studio Solution File, Format Version 12.00
# Visual Studio Version 16
VisualStudioVersion = 16.0.29418.71
MinimumVisualStudioVersion = 10.0.40219.1
Project("{9A19103F-16F7-4668-BE54-9A1E7A4F7556}") = "Day1", "Day1\Day1.csproj", "{C76FB624-0E84-4D27-A6A1-E0FC01A7B60C}"
EndProject
Project("{9A19103F-16F7-4668-BE54-9A1E7A4F7556}") = "Challenge1", "Challenge1\Challenge1.csproj", "{7E7DAD49-943B-49A2-A0CE-37DA8595E3B4}"
EndProject
Project("{9A19103F-16F7-4668-BE54-9A1E7A4F7556}") = "Challenge2", "Challenge2\Challenge2.csproj", "{F4B4FD83-3DBA-491E-9CDC-95FB54912072}"
EndProject
Global
	GlobalSection(SolutionConfigurationPlatforms) = preSolution
		Debug|Any CPU = Debug|Any CPU
		Release|Any CPU = Release|Any CPU
	EndGlobalSection
	GlobalSection(ProjectConfigurationPlatforms) = postSolution
		{C76FB624-0E84-4D27-A6A1-E0FC01A7B60C}.Debug|Any CPU.ActiveCfg = Debug|Any CPU
		{C76FB624-0E84-4D27-A6A1-E0FC01A7B60C}.Debug|Any CPU.Build.0 = Debug|Any CPU
		{C76FB624-0E84-4D27-A6A1-E0FC01A7B60C}.Release|Any CPU.ActiveCfg = Release|Any CPU
		{C76FB624-0E84-4D27-A6A1-E0FC01A7B60C}.Release|Any CPU.Build.0 = Release|Any CPU
		{7E7DAD49-943B-49A2-A0CE-37DA8595E3B4}.Debug|Any CPU.ActiveCfg = Debug|Any CPU
		{7E7DAD49-943B-49A2-A0CE-37DA8595E3B4}.Debug|Any CPU.Build.0 = Debug|Any CPU
		{7E7DAD49-943B-49A2-A0CE-37DA8595E3B4}.Release|Any CPU.ActiveCfg = Release|Any CPU
		{7E7DAD49-943B-49A2-A0CE-37DA8595E3B4}.Release|Any CPU.Build.0 = Release|Any CPU
		{F4B4FD83-3DBA-491E-9CDC-95FB54912072}.Debug|Any CPU.ActiveCfg = Debug|Any CPU
		{F4B4FD83-3DBA-491E-9CDC-95FB54912072}.Debug|Any CPU.Build.0 = Debug|Any CPU
		{F4B4FD83-3DBA-491E-9CDC-95FB54912072}.Release|Any CPU.ActiveCfg = Release|Any CPU
		{F4B4FD83-3DBA-491E-9CDC-95FB54912072}.Release|Any CPU.Build.0 = Release|Any CPU
	EndGlobalSection
	GlobalSection(SolutionProperties) = preSolution
		HideSolutionNode = FALSE
	EndGlobalSection
	GlobalSection(ExtensibilityGlobals) = postSolution
		SolutionGuid = {06758002-4C6D-49EE-8E22-D4FDFD28C829}
	EndGlobalSection
EndGlobal
