
Microsoft Visual Studio Solution File, Format Version 12.00
# Visual Studio Version 16
VisualStudioVersion = 16.0.29418.71
MinimumVisualStudioVersion = 10.0.40219.1
Project("{FAE04EC0-301F-11D3-BF4B-00C04F79EFBC}") = "IntcodeComputer", "IntcodeComputer\IntcodeComputer.csproj", "{B696B656-3CEE-45A0-B6BE-FA3DF71BFC95}"
EndProject
Global
	GlobalSection(SolutionConfigurationPlatforms) = preSolution
		Debug|Any CPU = Debug|Any CPU
		Release|Any CPU = Release|Any CPU
	EndGlobalSection
	GlobalSection(ProjectConfigurationPlatforms) = postSolution
		{B696B656-3CEE-45A0-B6BE-FA3DF71BFC95}.Debug|Any CPU.ActiveCfg = Debug|Any CPU
		{B696B656-3CEE-45A0-B6BE-FA3DF71BFC95}.Debug|Any CPU.Build.0 = Debug|Any CPU
		{B696B656-3CEE-45A0-B6BE-FA3DF71BFC95}.Release|Any CPU.ActiveCfg = Release|Any CPU
		{B696B656-3CEE-45A0-B6BE-FA3DF71BFC95}.Release|Any CPU.Build.0 = Release|Any CPU
	EndGlobalSection
	GlobalSection(SolutionProperties) = preSolution
		HideSolutionNode = FALSE
	EndGlobalSection
	GlobalSection(ExtensibilityGlobals) = postSolution
		SolutionGuid = {12C7BD65-7772-45AF-AEE9-8DFD2F09C47B}
	EndGlobalSection
EndGlobal
