
Microsoft Visual Studio Solution File, Format Version 12.00
# Visual Studio Version 16
VisualStudioVersion = 16.0.29418.71
MinimumVisualStudioVersion = 10.0.40219.1
Project("{9A19103F-16F7-4668-BE54-9A1E7A4F7556}") = "Day2", "Day2\Day2.csproj", "{D21FFF29-92C4-47A1-8919-325D48ED3DFD}"
EndProject
Project("{FAE04EC0-301F-11D3-BF4B-00C04F79EFBC}") = "Day3", "..\Day3\Day3.csproj", "{4A11DDB9-3EE9-4CFA-BD51-636B838ED5D2}"
EndProject
Global
	GlobalSection(SolutionConfigurationPlatforms) = preSolution
		Debug|Any CPU = Debug|Any CPU
		Release|Any CPU = Release|Any CPU
	EndGlobalSection
	GlobalSection(ProjectConfigurationPlatforms) = postSolution
		{D21FFF29-92C4-47A1-8919-325D48ED3DFD}.Debug|Any CPU.ActiveCfg = Debug|Any CPU
		{D21FFF29-92C4-47A1-8919-325D48ED3DFD}.Debug|Any CPU.Build.0 = Debug|Any CPU
		{D21FFF29-92C4-47A1-8919-325D48ED3DFD}.Release|Any CPU.ActiveCfg = Release|Any CPU
		{D21FFF29-92C4-47A1-8919-325D48ED3DFD}.Release|Any CPU.Build.0 = Release|Any CPU
		{4A11DDB9-3EE9-4CFA-BD51-636B838ED5D2}.Debug|Any CPU.ActiveCfg = Debug|Any CPU
		{4A11DDB9-3EE9-4CFA-BD51-636B838ED5D2}.Debug|Any CPU.Build.0 = Debug|Any CPU
		{4A11DDB9-3EE9-4CFA-BD51-636B838ED5D2}.Release|Any CPU.ActiveCfg = Release|Any CPU
		{4A11DDB9-3EE9-4CFA-BD51-636B838ED5D2}.Release|Any CPU.Build.0 = Release|Any CPU
	EndGlobalSection
	GlobalSection(SolutionProperties) = preSolution
		HideSolutionNode = FALSE
	EndGlobalSection
	GlobalSection(ExtensibilityGlobals) = postSolution
		SolutionGuid = {3D4AB4C2-8B42-47F9-B484-EF5E35AD578D}
	EndGlobalSection
EndGlobal
